// !$*UTF8*$!
{
	archiveVersion = 1;
	classes = {
	};
	objectVersion = 56;
	objects = {

/* Begin PBXBuildFile section */
		C47479BD2C22C1A800D421D7 /* AppDelegate.swift in Sources */ = {isa = PBXBuildFile; fileRef = C47479BC2C22C1A800D421D7 /* AppDelegate.swift */; };
		C47479BF2C22C1A800D421D7 /* SceneDelegate.swift in Sources */ = {isa = PBXBuildFile; fileRef = C47479BE2C22C1A800D421D7 /* SceneDelegate.swift */; };
		C47479C12C22C1A800D421D7 /* MainViewController.swift in Sources */ = {isa = PBXBuildFile; fileRef = C47479C02C22C1A800D421D7 /* MainViewController.swift */; };
		C47479C62C22C1A900D421D7 /* Assets.xcassets in Resources */ = {isa = PBXBuildFile; fileRef = C47479C52C22C1A900D421D7 /* Assets.xcassets */; };
		C47479C92C22C1A900D421D7 /* Base in Resources */ = {isa = PBXBuildFile; fileRef = C47479C82C22C1A900D421D7 /* Base */; };
		C47479D12C22C1EC00D421D7 /* .gitignore in Resources */ = {isa = PBXBuildFile; fileRef = C47479D02C22C1EC00D421D7 /* .gitignore */; };
		C47479D52C22CC7C00D421D7 /* API.swift in Sources */ = {isa = PBXBuildFile; fileRef = C47479D42C22CC7C00D421D7 /* API.swift */; };
		C47479DA2C22D6A000D421D7 /* Resource.swift in Sources */ = {isa = PBXBuildFile; fileRef = C47479D92C22D6A000D421D7 /* Resource.swift */; };
		C47479DD2C22D76A00D421D7 /* SnapKit in Frameworks */ = {isa = PBXBuildFile; productRef = C47479DC2C22D76A00D421D7 /* SnapKit */; };
		C47479E02C22D77800D421D7 /* Kingfisher in Frameworks */ = {isa = PBXBuildFile; productRef = C47479DF2C22D77800D421D7 /* Kingfisher */; };
		C47479E22C22DBF000D421D7 /* Constants.swift in Sources */ = {isa = PBXBuildFile; fileRef = C47479E12C22DBF000D421D7 /* Constants.swift */; };
/* End PBXBuildFile section */

/* Begin PBXFileReference section */
		C47479B92C22C1A800D421D7 /* how-weather-wear.app */ = {isa = PBXFileReference; explicitFileType = wrapper.application; includeInIndex = 0; path = "how-weather-wear.app"; sourceTree = BUILT_PRODUCTS_DIR; };
		C47479BC2C22C1A800D421D7 /* AppDelegate.swift */ = {isa = PBXFileReference; lastKnownFileType = sourcecode.swift; path = AppDelegate.swift; sourceTree = "<group>"; };
		C47479BE2C22C1A800D421D7 /* SceneDelegate.swift */ = {isa = PBXFileReference; lastKnownFileType = sourcecode.swift; path = SceneDelegate.swift; sourceTree = "<group>"; };
		C47479C02C22C1A800D421D7 /* MainViewController.swift */ = {isa = PBXFileReference; lastKnownFileType = sourcecode.swift; path = MainViewController.swift; sourceTree = "<group>"; };
		C47479C52C22C1A900D421D7 /* Assets.xcassets */ = {isa = PBXFileReference; lastKnownFileType = folder.assetcatalog; path = Assets.xcassets; sourceTree = "<group>"; };
		C47479C82C22C1A900D421D7 /* Base */ = {isa = PBXFileReference; lastKnownFileType = file.storyboard; name = Base; path = Base.lproj/LaunchScreen.storyboard; sourceTree = "<group>"; };
		C47479CA2C22C1A900D421D7 /* Info.plist */ = {isa = PBXFileReference; lastKnownFileType = text.plist.xml; path = Info.plist; sourceTree = "<group>"; };
		C47479D02C22C1EC00D421D7 /* .gitignore */ = {isa = PBXFileReference; lastKnownFileType = text; path = .gitignore; sourceTree = "<group>"; };
		C47479D22C22C1F800D421D7 /* README.md */ = {isa = PBXFileReference; lastKnownFileType = net.daringfireball.markdown; path = README.md; sourceTree = "<group>"; };
		C47479D42C22CC7C00D421D7 /* API.swift */ = {isa = PBXFileReference; lastKnownFileType = sourcecode.swift; path = API.swift; sourceTree = "<group>"; };
		C47479D92C22D6A000D421D7 /* Resource.swift */ = {isa = PBXFileReference; lastKnownFileType = sourcecode.swift; path = Resource.swift; sourceTree = "<group>"; };
		C47479E12C22DBF000D421D7 /* Constants.swift */ = {isa = PBXFileReference; lastKnownFileType = sourcecode.swift; path = Constants.swift; sourceTree = "<group>"; };
/* End PBXFileReference section */

/* Begin PBXFrameworksBuildPhase section */
		C47479B62C22C1A800D421D7 /* Frameworks */ = {
			isa = PBXFrameworksBuildPhase;
			buildActionMask = 2147483647;
			files = (
				C47479E02C22D77800D421D7 /* Kingfisher in Frameworks */,
				C47479DD2C22D76A00D421D7 /* SnapKit in Frameworks */,
			);
			runOnlyForDeploymentPostprocessing = 0;
		};
/* End PBXFrameworksBuildPhase section */

/* Begin PBXGroup section */
		C47479B02C22C1A800D421D7 = {
			isa = PBXGroup;
			children = (
				C47479D22C22C1F800D421D7 /* README.md */,
				C47479D02C22C1EC00D421D7 /* .gitignore */,
				C47479BB2C22C1A800D421D7 /* how-weather-wear */,
				C47479BA2C22C1A800D421D7 /* Products */,
			);
			sourceTree = "<group>";
		};
		C47479BA2C22C1A800D421D7 /* Products */ = {
			isa = PBXGroup;
			children = (
				C47479B92C22C1A800D421D7 /* how-weather-wear.app */,
			);
			name = Products;
			sourceTree = "<group>";
		};
		C47479BB2C22C1A800D421D7 /* how-weather-wear */ = {
			isa = PBXGroup;
			children = (
				C47479D32C22CC6F00D421D7 /* API */,
				C47479D62C22CDAB00D421D7 /* Controllers */,
				C47479D82C22D68A00D421D7 /* Common */,
				C47479BC2C22C1A800D421D7 /* AppDelegate.swift */,
				C47479BE2C22C1A800D421D7 /* SceneDelegate.swift */,
				C47479C52C22C1A900D421D7 /* Assets.xcassets */,
				C47479C72C22C1A900D421D7 /* LaunchScreen.storyboard */,
				C47479CA2C22C1A900D421D7 /* Info.plist */,
			);
			path = "how-weather-wear";
			sourceTree = "<group>";
		};
		C47479D32C22CC6F00D421D7 /* API */ = {
			isa = PBXGroup;
			children = (
				C47479D42C22CC7C00D421D7 /* API.swift */,
			);
			path = API;
			sourceTree = "<group>";
		};
		C47479D62C22CDAB00D421D7 /* Controllers */ = {
			isa = PBXGroup;
			children = (
				C47479C02C22C1A800D421D7 /* MainViewController.swift */,
			);
			path = Controllers;
			sourceTree = "<group>";
		};
		C47479D82C22D68A00D421D7 /* Common */ = {
			isa = PBXGroup;
			children = (
				C47479E12C22DBF000D421D7 /* Constants.swift */,
				C47479D92C22D6A000D421D7 /* Resource.swift */,
			);
			path = Common;
			sourceTree = "<group>";
		};
/* End PBXGroup section */

/* Begin PBXNativeTarget section */
		C47479B82C22C1A800D421D7 /* how-weather-wear */ = {
			isa = PBXNativeTarget;
			buildConfigurationList = C47479CD2C22C1A900D421D7 /* Build configuration list for PBXNativeTarget "how-weather-wear" */;
			buildPhases = (
				C47479B52C22C1A800D421D7 /* Sources */,
				C47479B62C22C1A800D421D7 /* Frameworks */,
				C47479B72C22C1A800D421D7 /* Resources */,
			);
			buildRules = (
			);
			dependencies = (
			);
			name = "how-weather-wear";
			packageProductDependencies = (
				C47479DC2C22D76A00D421D7 /* SnapKit */,
				C47479DF2C22D77800D421D7 /* Kingfisher */,
			);
			productName = "how-weather-wear";
			productReference = C47479B92C22C1A800D421D7 /* how-weather-wear.app */;
			productType = "com.apple.product-type.application";
		};
/* End PBXNativeTarget section */

/* Begin PBXProject section */
		C47479B12C22C1A800D421D7 /* Project object */ = {
			isa = PBXProject;
			attributes = {
				BuildIndependentTargetsInParallel = 1;
				LastSwiftUpdateCheck = 1540;
				LastUpgradeCheck = 1540;
				TargetAttributes = {
					C47479B82C22C1A800D421D7 = {
						CreatedOnToolsVersion = 15.4;
					};
				};
			};
			buildConfigurationList = C47479B42C22C1A800D421D7 /* Build configuration list for PBXProject "how-weather-wear" */;
			compatibilityVersion = "Xcode 14.0";
			developmentRegion = en;
			hasScannedForEncodings = 0;
			knownRegions = (
				en,
				Base,
			);
			mainGroup = C47479B02C22C1A800D421D7;
			packageReferences = (
				C47479DB2C22D76A00D421D7 /* XCRemoteSwiftPackageReference "SnapKit" */,
				C47479DE2C22D77800D421D7 /* XCRemoteSwiftPackageReference "Kingfisher" */,
			);
			productRefGroup = C47479BA2C22C1A800D421D7 /* Products */;
			projectDirPath = "";
			projectRoot = "";
			targets = (
				C47479B82C22C1A800D421D7 /* how-weather-wear */,
			);
		};
/* End PBXProject section */

/* Begin PBXResourcesBuildPhase section */
		C47479B72C22C1A800D421D7 /* Resources */ = {
			isa = PBXResourcesBuildPhase;
			buildActionMask = 2147483647;
			files = (
				C47479C62C22C1A900D421D7 /* Assets.xcassets in Resources */,
				C47479D12C22C1EC00D421D7 /* .gitignore in Resources */,
				C47479C92C22C1A900D421D7 /* Base in Resources */,
			);
			runOnlyForDeploymentPostprocessing = 0;
		};
/* End PBXResourcesBuildPhase section */

/* Begin PBXSourcesBuildPhase section */
		C47479B52C22C1A800D421D7 /* Sources */ = {
			isa = PBXSourcesBuildPhase;
			buildActionMask = 2147483647;
			files = (
				C47479C12C22C1A800D421D7 /* MainViewController.swift in Sources */,
				C47479BD2C22C1A800D421D7 /* AppDelegate.swift in Sources */,
				C47479D52C22CC7C00D421D7 /* API.swift in Sources */,
				C47479DA2C22D6A000D421D7 /* Resource.swift in Sources */,
				C47479BF2C22C1A800D421D7 /* SceneDelegate.swift in Sources */,
				C47479E22C22DBF000D421D7 /* Constants.swift in Sources */,
			);
			runOnlyForDeploymentPostprocessing = 0;
		};
/* End PBXSourcesBuildPhase section */

/* Begin PBXVariantGroup section */
		C47479C72C22C1A900D421D7 /* LaunchScreen.storyboard */ = {
			isa = PBXVariantGroup;
			children = (
				C47479C82C22C1A900D421D7 /* Base */,
			);
			name = LaunchScreen.storyboard;
			sourceTree = "<group>";
		};
/* End PBXVariantGroup section */

/* Begin XCBuildConfiguration section */
		C47479CB2C22C1A900D421D7 /* Debug */ = {
			isa = XCBuildConfiguration;
			buildSettings = {
				ALWAYS_SEARCH_USER_PATHS = NO;
				ASSETCATALOG_COMPILER_GENERATE_SWIFT_ASSET_SYMBOL_EXTENSIONS = YES;
				CLANG_ANALYZER_NONNULL = YES;
				CLANG_ANALYZER_NUMBER_OBJECT_CONVERSION = YES_AGGRESSIVE;
				CLANG_CXX_LANGUAGE_STANDARD = "gnu++20";
				CLANG_ENABLE_MODULES = YES;
				CLANG_ENABLE_OBJC_ARC = YES;
				CLANG_ENABLE_OBJC_WEAK = YES;
				CLANG_WARN_BLOCK_CAPTURE_AUTORELEASING = YES;
				CLANG_WARN_BOOL_CONVERSION = YES;
				CLANG_WARN_COMMA = YES;
				CLANG_WARN_CONSTANT_CONVERSION = YES;
				CLANG_WARN_DEPRECATED_OBJC_IMPLEMENTATIONS = YES;
				CLANG_WARN_DIRECT_OBJC_ISA_USAGE = YES_ERROR;
				CLANG_WARN_DOCUMENTATION_COMMENTS = YES;
				CLANG_WARN_EMPTY_BODY = YES;
				CLANG_WARN_ENUM_CONVERSION = YES;
				CLANG_WARN_INFINITE_RECURSION = YES;
				CLANG_WARN_INT_CONVERSION = YES;
				CLANG_WARN_NON_LITERAL_NULL_CONVERSION = YES;
				CLANG_WARN_OBJC_IMPLICIT_RETAIN_SELF = YES;
				CLANG_WARN_OBJC_LITERAL_CONVERSION = YES;
				CLANG_WARN_OBJC_ROOT_CLASS = YES_ERROR;
				CLANG_WARN_QUOTED_INCLUDE_IN_FRAMEWORK_HEADER = YES;
				CLANG_WARN_RANGE_LOOP_ANALYSIS = YES;
				CLANG_WARN_STRICT_PROTOTYPES = YES;
				CLANG_WARN_SUSPICIOUS_MOVE = YES;
				CLANG_WARN_UNGUARDED_AVAILABILITY = YES_AGGRESSIVE;
				CLANG_WARN_UNREACHABLE_CODE = YES;
				CLANG_WARN__DUPLICATE_METHOD_MATCH = YES;
				COPY_PHASE_STRIP = NO;
				DEBUG_INFORMATION_FORMAT = dwarf;
				ENABLE_STRICT_OBJC_MSGSEND = YES;
				ENABLE_TESTABILITY = YES;
				ENABLE_USER_SCRIPT_SANDBOXING = YES;
				GCC_C_LANGUAGE_STANDARD = gnu17;
				GCC_DYNAMIC_NO_PIC = NO;
				GCC_NO_COMMON_BLOCKS = YES;
				GCC_OPTIMIZATION_LEVEL = 0;
				GCC_PREPROCESSOR_DEFINITIONS = (
					"DEBUG=1",
					"$(inherited)",
				);
				GCC_WARN_64_TO_32_BIT_CONVERSION = YES;
				GCC_WARN_ABOUT_RETURN_TYPE = YES_ERROR;
				GCC_WARN_UNDECLARED_SELECTOR = YES;
				GCC_WARN_UNINITIALIZED_AUTOS = YES_AGGRESSIVE;
				GCC_WARN_UNUSED_FUNCTION = YES;
				GCC_WARN_UNUSED_VARIABLE = YES;
				IPHONEOS_DEPLOYMENT_TARGET = 17.5;
				LOCALIZATION_PREFERS_STRING_CATALOGS = YES;
				MTL_ENABLE_DEBUG_INFO = INCLUDE_SOURCE;
				MTL_FAST_MATH = YES;
				ONLY_ACTIVE_ARCH = YES;
				SDKROOT = iphoneos;
				SWIFT_ACTIVE_COMPILATION_CONDITIONS = "DEBUG $(inherited)";
				SWIFT_OPTIMIZATION_LEVEL = "-Onone";
			};
			name = Debug;
		};
		C47479CC2C22C1A900D421D7 /* Release */ = {
			isa = XCBuildConfiguration;
			buildSettings = {
				ALWAYS_SEARCH_USER_PATHS = NO;
				ASSETCATALOG_COMPILER_GENERATE_SWIFT_ASSET_SYMBOL_EXTENSIONS = YES;
				CLANG_ANALYZER_NONNULL = YES;
				CLANG_ANALYZER_NUMBER_OBJECT_CONVERSION = YES_AGGRESSIVE;
				CLANG_CXX_LANGUAGE_STANDARD = "gnu++20";
				CLANG_ENABLE_MODULES = YES;
				CLANG_ENABLE_OBJC_ARC = YES;
				CLANG_ENABLE_OBJC_WEAK = YES;
				CLANG_WARN_BLOCK_CAPTURE_AUTORELEASING = YES;
				CLANG_WARN_BOOL_CONVERSION = YES;
				CLANG_WARN_COMMA = YES;
				CLANG_WARN_CONSTANT_CONVERSION = YES;
				CLANG_WARN_DEPRECATED_OBJC_IMPLEMENTATIONS = YES;
				CLANG_WARN_DIRECT_OBJC_ISA_USAGE = YES_ERROR;
				CLANG_WARN_DOCUMENTATION_COMMENTS = YES;
				CLANG_WARN_EMPTY_BODY = YES;
				CLANG_WARN_ENUM_CONVERSION = YES;
				CLANG_WARN_INFINITE_RECURSION = YES;
				CLANG_WARN_INT_CONVERSION = YES;
				CLANG_WARN_NON_LITERAL_NULL_CONVERSION = YES;
				CLANG_WARN_OBJC_IMPLICIT_RETAIN_SELF = YES;
				CLANG_WARN_OBJC_LITERAL_CONVERSION = YES;
				CLANG_WARN_OBJC_ROOT_CLASS = YES_ERROR;
				CLANG_WARN_QUOTED_INCLUDE_IN_FRAMEWORK_HEADER = YES;
				CLANG_WARN_RANGE_LOOP_ANALYSIS = YES;
				CLANG_WARN_STRICT_PROTOTYPES = YES;
				CLANG_WARN_SUSPICIOUS_MOVE = YES;
				CLANG_WARN_UNGUARDED_AVAILABILITY = YES_AGGRESSIVE;
				CLANG_WARN_UNREACHABLE_CODE = YES;
				CLANG_WARN__DUPLICATE_METHOD_MATCH = YES;
				COPY_PHASE_STRIP = NO;
				DEBUG_INFORMATION_FORMAT = "dwarf-with-dsym";
				ENABLE_NS_ASSERTIONS = NO;
				ENABLE_STRICT_OBJC_MSGSEND = YES;
				ENABLE_USER_SCRIPT_SANDBOXING = YES;
				GCC_C_LANGUAGE_STANDARD = gnu17;
				GCC_NO_COMMON_BLOCKS = YES;
				GCC_WARN_64_TO_32_BIT_CONVERSION = YES;
				GCC_WARN_ABOUT_RETURN_TYPE = YES_ERROR;
				GCC_WARN_UNDECLARED_SELECTOR = YES;
				GCC_WARN_UNINITIALIZED_AUTOS = YES_AGGRESSIVE;
				GCC_WARN_UNUSED_FUNCTION = YES;
				GCC_WARN_UNUSED_VARIABLE = YES;
				IPHONEOS_DEPLOYMENT_TARGET = 17.5;
				LOCALIZATION_PREFERS_STRING_CATALOGS = YES;
				MTL_ENABLE_DEBUG_INFO = NO;
				MTL_FAST_MATH = YES;
				SDKROOT = iphoneos;
				SWIFT_COMPILATION_MODE = wholemodule;
				VALIDATE_PRODUCT = YES;
			};
			name = Release;
		};
		C47479CE2C22C1A900D421D7 /* Debug */ = {
			isa = XCBuildConfiguration;
			buildSettings = {
				ASSETCATALOG_COMPILER_APPICON_NAME = AppIcon;
				ASSETCATALOG_COMPILER_GLOBAL_ACCENT_COLOR_NAME = AccentColor;
				CODE_SIGN_STYLE = Automatic;
				CURRENT_PROJECT_VERSION = 1;
				DEVELOPMENT_TEAM = 95Z2W8U6PK;
				GENERATE_INFOPLIST_FILE = YES;
				INFOPLIST_FILE = "how-weather-wear/Info.plist";
				INFOPLIST_KEY_UIApplicationSupportsIndirectInputEvents = YES;
				INFOPLIST_KEY_UILaunchStoryboardName = LaunchScreen;
				INFOPLIST_KEY_UISupportedInterfaceOrientations = UIInterfaceOrientationPortrait;
				INFOPLIST_KEY_UISupportedInterfaceOrientations_iPad = "UIInterfaceOrientationLandscapeLeft UIInterfaceOrientationLandscapeRight UIInterfaceOrientationPortrait UIInterfaceOrientationPortraitUpsideDown";
				IPHONEOS_DEPLOYMENT_TARGET = 16.0;
				LD_RUNPATH_SEARCH_PATHS = (
					"$(inherited)",
					"@executable_path/Frameworks",
				);
				MARKETING_VERSION = 1.0;
				PRODUCT_BUNDLE_IDENTIFIER = "com.junehee.how-weather-wear";
				PRODUCT_NAME = "$(TARGET_NAME)";
				SUPPORTED_PLATFORMS = "iphoneos iphonesimulator";
				SUPPORTS_MACCATALYST = NO;
				SUPPORTS_MAC_DESIGNED_FOR_IPHONE_IPAD = NO;
				SUPPORTS_XR_DESIGNED_FOR_IPHONE_IPAD = NO;
				SWIFT_EMIT_LOC_STRINGS = YES;
				SWIFT_VERSION = 5.0;
				TARGETED_DEVICE_FAMILY = 1;
			};
			name = Debug;
		};
		C47479CF2C22C1A900D421D7 /* Release */ = {
			isa = XCBuildConfiguration;
			buildSettings = {
				ASSETCATALOG_COMPILER_APPICON_NAME = AppIcon;
				ASSETCATALOG_COMPILER_GLOBAL_ACCENT_COLOR_NAME = AccentColor;
				CODE_SIGN_STYLE = Automatic;
				CURRENT_PROJECT_VERSION = 1;
				DEVELOPMENT_TEAM = 95Z2W8U6PK;
				GENERATE_INFOPLIST_FILE = YES;
				INFOPLIST_FILE = "how-weather-wear/Info.plist";
				INFOPLIST_KEY_UIApplicationSupportsIndirectInputEvents = YES;
				INFOPLIST_KEY_UILaunchStoryboardName = LaunchScreen;
				INFOPLIST_KEY_UISupportedInterfaceOrientations = UIInterfaceOrientationPortrait;
				INFOPLIST_KEY_UISupportedInterfaceOrientations_iPad = "UIInterfaceOrientationLandscapeLeft UIInterfaceOrientationLandscapeRight UIInterfaceOrientationPortrait UIInterfaceOrientationPortraitUpsideDown";
				IPHONEOS_DEPLOYMENT_TARGET = 16.0;
				LD_RUNPATH_SEARCH_PATHS = (
					"$(inherited)",
					"@executable_path/Frameworks",
				);
				MARKETING_VERSION = 1.0;
				PRODUCT_BUNDLE_IDENTIFIER = "com.junehee.how-weather-wear";
				PRODUCT_NAME = "$(TARGET_NAME)";
				SUPPORTED_PLATFORMS = "iphoneos iphonesimulator";
				SUPPORTS_MACCATALYST = NO;
				SUPPORTS_MAC_DESIGNED_FOR_IPHONE_IPAD = NO;
				SUPPORTS_XR_DESIGNED_FOR_IPHONE_IPAD = NO;
				SWIFT_EMIT_LOC_STRINGS = YES;
				SWIFT_VERSION = 5.0;
				TARGETED_DEVICE_FAMILY = 1;
			};
			name = Release;
		};
/* End XCBuildConfiguration section */

/* Begin XCConfigurationList section */
		C47479B42C22C1A800D421D7 /* Build configuration list for PBXProject "how-weather-wear" */ = {
			isa = XCConfigurationList;
			buildConfigurations = (
				C47479CB2C22C1A900D421D7 /* Debug */,
				C47479CC2C22C1A900D421D7 /* Release */,
			);
			defaultConfigurationIsVisible = 0;
			defaultConfigurationName = Release;
		};
		C47479CD2C22C1A900D421D7 /* Build configuration list for PBXNativeTarget "how-weather-wear" */ = {
			isa = XCConfigurationList;
			buildConfigurations = (
				C47479CE2C22C1A900D421D7 /* Debug */,
				C47479CF2C22C1A900D421D7 /* Release */,
			);
			defaultConfigurationIsVisible = 0;
			defaultConfigurationName = Release;
		};
/* End XCConfigurationList section */

/* Begin XCRemoteSwiftPackageReference section */
		C47479DB2C22D76A00D421D7 /* XCRemoteSwiftPackageReference "SnapKit" */ = {
			isa = XCRemoteSwiftPackageReference;
			repositoryURL = "https://github.com/SnapKit/SnapKit.git";
			requirement = {
				kind = upToNextMajorVersion;
				minimumVersion = 5.7.1;
			};
		};
		C47479DE2C22D77800D421D7 /* XCRemoteSwiftPackageReference "Kingfisher" */ = {
			isa = XCRemoteSwiftPackageReference;
			repositoryURL = "https://github.com/onevcat/Kingfisher";
			requirement = {
				kind = upToNextMajorVersion;
				minimumVersion = 7.12.0;
			};
		};
/* End XCRemoteSwiftPackageReference section */

/* Begin XCSwiftPackageProductDependency section */
		C47479DC2C22D76A00D421D7 /* SnapKit */ = {
			isa = XCSwiftPackageProductDependency;
			package = C47479DB2C22D76A00D421D7 /* XCRemoteSwiftPackageReference "SnapKit" */;
			productName = SnapKit;
		};
		C47479DF2C22D77800D421D7 /* Kingfisher */ = {
			isa = XCSwiftPackageProductDependency;
			package = C47479DE2C22D77800D421D7 /* XCRemoteSwiftPackageReference "Kingfisher" */;
			productName = Kingfisher;
		};
/* End XCSwiftPackageProductDependency section */
	};
	rootObject = C47479B12C22C1A800D421D7 /* Project object */;
}
